// !$*UTF8*$!
{
	archiveVersion = 1;
	classes = {
	};
	objectVersion = 46;
	objects = {

/* Begin PBXBuildFile section */
		79C6794B1F4321F60066D88C /* AppDelegate.swift in Sources */ = {isa = PBXBuildFile; fileRef = 79C6794A1F4321F60066D88C /* AppDelegate.swift */; };
		79C6794D1F4321F60066D88C /* ViewController.swift in Sources */ = {isa = PBXBuildFile; fileRef = 79C6794C1F4321F60066D88C /* ViewController.swift */; };
		79C679501F4321F70066D88C /* Main.storyboard in Resources */ = {isa = PBXBuildFile; fileRef = 79C6794E1F4321F70066D88C /* Main.storyboard */; };
		79C679531F4321F70066D88C /* mova_photoStorage_tt.xcdatamodeld in Sources */ = {isa = PBXBuildFile; fileRef = 79C679511F4321F70066D88C /* mova_photoStorage_tt.xcdatamodeld */; };
		79C679551F4321F70066D88C /* Assets.xcassets in Resources */ = {isa = PBXBuildFile; fileRef = 79C679541F4321F70066D88C /* Assets.xcassets */; };
		79C679581F4321F70066D88C /* LaunchScreen.storyboard in Resources */ = {isa = PBXBuildFile; fileRef = 79C679561F4321F70066D88C /* LaunchScreen.storyboard */; };
/* End PBXBuildFile section */

/* Begin PBXFileReference section */
		79C679471F4321F60066D88C /* mova_photoStorage_tt.app */ = {isa = PBXFileReference; explicitFileType = wrapper.application; includeInIndex = 0; path = mova_photoStorage_tt.app; sourceTree = BUILT_PRODUCTS_DIR; };
		79C6794A1F4321F60066D88C /* AppDelegate.swift */ = {isa = PBXFileReference; lastKnownFileType = sourcecode.swift; path = AppDelegate.swift; sourceTree = "<group>"; };
		79C6794C1F4321F60066D88C /* ViewController.swift */ = {isa = PBXFileReference; lastKnownFileType = sourcecode.swift; path = ViewController.swift; sourceTree = "<group>"; };
		79C6794F1F4321F70066D88C /* Base */ = {isa = PBXFileReference; lastKnownFileType = file.storyboard; name = Base; path = Base.lproj/Main.storyboard; sourceTree = "<group>"; };
		79C679521F4321F70066D88C /* mova_photoStorage_tt.xcdatamodel */ = {isa = PBXFileReference; lastKnownFileType = wrapper.xcdatamodel; path = mova_photoStorage_tt.xcdatamodel; sourceTree = "<group>"; };
		79C679541F4321F70066D88C /* Assets.xcassets */ = {isa = PBXFileReference; lastKnownFileType = folder.assetcatalog; path = Assets.xcassets; sourceTree = "<group>"; };
		79C679571F4321F70066D88C /* Base */ = {isa = PBXFileReference; lastKnownFileType = file.storyboard; name = Base; path = Base.lproj/LaunchScreen.storyboard; sourceTree = "<group>"; };
		79C679591F4321F70066D88C /* Info.plist */ = {isa = PBXFileReference; lastKnownFileType = text.plist.xml; path = Info.plist; sourceTree = "<group>"; };
/* End PBXFileReference section */

/* Begin PBXFrameworksBuildPhase section */
		79C679441F4321F50066D88C /* Frameworks */ = {
			isa = PBXFrameworksBuildPhase;
			buildActionMask = 2147483647;
			files = (
			);
			runOnlyForDeploymentPostprocessing = 0;
		};
/* End PBXFrameworksBuildPhase section */

/* Begin PBXGroup section */
		79C6793E1F4321F50066D88C = {
			isa = PBXGroup;
			children = (
				79C679491F4321F60066D88C /* mova_photoStorage_tt */,
				79C679481F4321F60066D88C /* Products */,
			);
			sourceTree = "<group>";
		};
		79C679481F4321F60066D88C /* Products */ = {
			isa = PBXGroup;
			children = (
				79C679471F4321F60066D88C /* mova_photoStorage_tt.app */,
			);
			name = Products;
			sourceTree = "<group>";
		};
		79C679491F4321F60066D88C /* mova_photoStorage_tt */ = {
			isa = PBXGroup;
			children = (
				79C6794A1F4321F60066D88C /* AppDelegate.swift */,
				79C6794C1F4321F60066D88C /* ViewController.swift */,
				79C6794E1F4321F70066D88C /* Main.storyboard */,
				79C679541F4321F70066D88C /* Assets.xcassets */,
				79C679561F4321F70066D88C /* LaunchScreen.storyboard */,
				79C679591F4321F70066D88C /* Info.plist */,
				79C679511F4321F70066D88C /* mova_photoStorage_tt.xcdatamodeld */,
			);
			path = mova_photoStorage_tt;
			sourceTree = "<group>";
		};
/* End PBXGroup section */

/* Begin PBXNativeTarget section */
		79C679461F4321F50066D88C /* mova_photoStorage_tt */ = {
			isa = PBXNativeTarget;
			buildConfigurationList = 79C6795C1F4321F70066D88C /* Build configuration list for PBXNativeTarget "mova_photoStorage_tt" */;
			buildPhases = (
				79C679431F4321F50066D88C /* Sources */,
				79C679441F4321F50066D88C /* Frameworks */,
				79C679451F4321F50066D88C /* Resources */,
			);
			buildRules = (
			);
			dependencies = (
			);
			name = mova_photoStorage_tt;
			productName = mova_photoStorage_tt;
			productReference = 79C679471F4321F60066D88C /* mova_photoStorage_tt.app */;
			productType = "com.apple.product-type.application";
		};
/* End PBXNativeTarget section */

/* Begin PBXProject section */
		79C6793F1F4321F50066D88C /* Project object */ = {
			isa = PBXProject;
			attributes = {
				LastSwiftUpdateCheck = 0820;
				LastUpgradeCheck = 0820;
				ORGANIZATIONNAME = PatataMatata;
				TargetAttributes = {
					79C679461F4321F50066D88C = {
						CreatedOnToolsVersion = 8.2.1;
						DevelopmentTeam = JPTEFF2RW3;
						ProvisioningStyle = Automatic;
					};
				};
			};
			buildConfigurationList = 79C679421F4321F50066D88C /* Build configuration list for PBXProject "mova_photoStorage_tt" */;
			compatibilityVersion = "Xcode 3.2";
			developmentRegion = English;
			hasScannedForEncodings = 0;
			knownRegions = (
				en,
				Base,
			);
			mainGroup = 79C6793E1F4321F50066D88C;
			productRefGroup = 79C679481F4321F60066D88C /* Products */;
			projectDirPath = "";
			projectRoot = "";
			targets = (
				79C679461F4321F50066D88C /* mova_photoStorage_tt */,
			);
		};
/* End PBXProject section */

/* Begin PBXResourcesBuildPhase section */
		79C679451F4321F50066D88C /* Resources */ = {
			isa = PBXResourcesBuildPhase;
			buildActionMask = 2147483647;
			files = (
				79C679581F4321F70066D88C /* LaunchScreen.storyboard in Resources */,
				79C679551F4321F70066D88C /* Assets.xcassets in Resources */,
				79C679501F4321F70066D88C /* Main.storyboard in Resources */,
			);
			runOnlyForDeploymentPostprocessing = 0;
		};
/* End PBXResourcesBuildPhase section */

/* Begin PBXSourcesBuildPhase section */
		79C679431F4321F50066D88C /* Sources */ = {
			isa = PBXSourcesBuildPhase;
			buildActionMask = 2147483647;
			files = (
				79C679531F4321F70066D88C /* mova_photoStorage_tt.xcdatamodeld in Sources */,
				79C6794D1F4321F60066D88C /* ViewController.swift in Sources */,
				79C6794B1F4321F60066D88C /* AppDelegate.swift in Sources */,
			);
			runOnlyForDeploymentPostprocessing = 0;
		};
/* End PBXSourcesBuildPhase section */

/* Begin PBXVariantGroup section */
		79C6794E1F4321F70066D88C /* Main.storyboard */ = {
			isa = PBXVariantGroup;
			children = (
				79C6794F1F4321F70066D88C /* Base */,
			);
			name = Main.storyboard;
			sourceTree = "<group>";
		};
		79C679561F4321F70066D88C /* LaunchScreen.storyboard */ = {
			isa = PBXVariantGroup;
			children = (
				79C679571F4321F70066D88C /* Base */,
			);
			name = LaunchScreen.storyboard;
			sourceTree = "<group>";
		};
/* End PBXVariantGroup section */

/* Begin XCBuildConfiguration section */
		79C6795A1F4321F70066D88C /* Debug */ = {
			isa = XCBuildConfiguration;
			buildSettings = {
				ALWAYS_SEARCH_USER_PATHS = NO;
				CLANG_ANALYZER_NONNULL = YES;
				CLANG_CXX_LANGUAGE_STANDARD = "gnu++0x";
				CLANG_CXX_LIBRARY = "libc++";
				CLANG_ENABLE_MODULES = YES;
				CLANG_ENABLE_OBJC_ARC = YES;
				CLANG_WARN_BOOL_CONVERSION = YES;
				CLANG_WARN_CONSTANT_CONVERSION = YES;
				CLANG_WARN_DIRECT_OBJC_ISA_USAGE = YES_ERROR;
				CLANG_WARN_DOCUMENTATION_COMMENTS = YES;
				CLANG_WARN_EMPTY_BODY = YES;
				CLANG_WARN_ENUM_CONVERSION = YES;
				CLANG_WARN_INFINITE_RECURSION = YES;
				CLANG_WARN_INT_CONVERSION = YES;
				CLANG_WARN_OBJC_ROOT_CLASS = YES_ERROR;
				CLANG_WARN_SUSPICIOUS_MOVE = YES;
				CLANG_WARN_UNREACHABLE_CODE = YES;
				CLANG_WARN__DUPLICATE_METHOD_MATCH = YES;
				"CODE_SIGN_IDENTITY[sdk=iphoneos*]" = "iPhone Developer";
				COPY_PHASE_STRIP = NO;
				DEBUG_INFORMATION_FORMAT = dwarf;
				ENABLE_STRICT_OBJC_MSGSEND = YES;
				ENABLE_TESTABILITY = YES;
				GCC_C_LANGUAGE_STANDARD = gnu99;
				GCC_DYNAMIC_NO_PIC = NO;
				GCC_NO_COMMON_BLOCKS = YES;
				GCC_OPTIMIZATION_LEVEL = 0;
				GCC_PREPROCESSOR_DEFINITIONS = (
					"DEBUG=1",
					"$(inherited)",
				);
				GCC_WARN_64_TO_32_BIT_CONVERSION = YES;
				GCC_WARN_ABOUT_RETURN_TYPE = YES_ERROR;
				GCC_WARN_UNDECLARED_SELECTOR = YES;
				GCC_WARN_UNINITIALIZED_AUTOS = YES_AGGRESSIVE;
				GCC_WARN_UNUSED_FUNCTION = YES;
				GCC_WARN_UNUSED_VARIABLE = YES;
				IPHONEOS_DEPLOYMENT_TARGET = 10.2;
				MTL_ENABLE_DEBUG_INFO = YES;
				ONLY_ACTIVE_ARCH = YES;
				SDKROOT = iphoneos;
				SWIFT_ACTIVE_COMPILATION_CONDITIONS = DEBUG;
				SWIFT_OPTIMIZATION_LEVEL = "-Onone";
			};
			name = Debug;
		};
		79C6795B1F4321F70066D88C /* Release */ = {
			isa = XCBuildConfiguration;
			buildSettings = {
				ALWAYS_SEARCH_USER_PATHS = NO;
				CLANG_ANALYZER_NONNULL = YES;
				CLANG_CXX_LANGUAGE_STANDARD = "gnu++0x";
				CLANG_CXX_LIBRARY = "libc++";
				CLANG_ENABLE_MODULES = YES;
				CLANG_ENABLE_OBJC_ARC = YES;
				CLANG_WARN_BOOL_CONVERSION = YES;
				CLANG_WARN_CONSTANT_CONVERSION = YES;
				CLANG_WARN_DIRECT_OBJC_ISA_USAGE = YES_ERROR;
				CLANG_WARN_DOCUMENTATION_COMMENTS = YES;
				CLANG_WARN_EMPTY_BODY = YES;
				CLANG_WARN_ENUM_CONVERSION = YES;
				CLANG_WARN_INFINITE_RECURSION = YES;
				CLANG_WARN_INT_CONVERSION = YES;
				CLANG_WARN_OBJC_ROOT_CLASS = YES_ERROR;
				CLANG_WARN_SUSPICIOUS_MOVE = YES;
				CLANG_WARN_UNREACHABLE_CODE = YES;
				CLANG_WARN__DUPLICATE_METHOD_MATCH = YES;
				"CODE_SIGN_IDENTITY[sdk=iphoneos*]" = "iPhone Developer";
				COPY_PHASE_STRIP = NO;
				DEBUG_INFORMATION_FORMAT = "dwarf-with-dsym";
				ENABLE_NS_ASSERTIONS = NO;
				ENABLE_STRICT_OBJC_MSGSEND = YES;
				GCC_C_LANGUAGE_STANDARD = gnu99;
				GCC_NO_COMMON_BLOCKS = YES;
				GCC_WARN_64_TO_32_BIT_CONVERSION = YES;
				GCC_WARN_ABOUT_RETURN_TYPE = YES_ERROR;
				GCC_WARN_UNDECLARED_SELECTOR = YES;
				GCC_WARN_UNINITIALIZED_AUTOS = YES_AGGRESSIVE;
				GCC_WARN_UNUSED_FUNCTION = YES;
				GCC_WARN_UNUSED_VARIABLE = YES;
				IPHONEOS_DEPLOYMENT_TARGET = 10.2;
				MTL_ENABLE_DEBUG_INFO = NO;
				SDKROOT = iphoneos;
				SWIFT_OPTIMIZATION_LEVEL = "-Owholemodule";
				VALIDATE_PRODUCT = YES;
			};
			name = Release;
		};
		79C6795D1F4321F70066D88C /* Debug */ = {
			isa = XCBuildConfiguration;
			buildSettings = {
				ASSETCATALOG_COMPILER_APPICON_NAME = AppIcon;
				DEVELOPMENT_TEAM = JPTEFF2RW3;
				INFOPLIST_FILE = mova_photoStorage_tt/Info.plist;
				LD_RUNPATH_SEARCH_PATHS = "$(inherited) @executable_path/Frameworks";
				PRODUCT_BUNDLE_IDENTIFIER = "com.Patata-Matata.mova-photoStorage-tt";
				PRODUCT_NAME = "$(TARGET_NAME)";
				SWIFT_VERSION = 3.0;
			};
			name = Debug;
		};
		79C6795E1F4321F70066D88C /* Release */ = {
			isa = XCBuildConfiguration;
			buildSettings = {
				ASSETCATALOG_COMPILER_APPICON_NAME = AppIcon;
				DEVELOPMENT_TEAM = JPTEFF2RW3;
				INFOPLIST_FILE = mova_photoStorage_tt/Info.plist;
				LD_RUNPATH_SEARCH_PATHS = "$(inherited) @executable_path/Frameworks";
				PRODUCT_BUNDLE_IDENTIFIER = "com.Patata-Matata.mova-photoStorage-tt";
				PRODUCT_NAME = "$(TARGET_NAME)";
				SWIFT_VERSION = 3.0;
			};
			name = Release;
		};
/* End XCBuildConfiguration section */

/* Begin XCConfigurationList section */
		79C679421F4321F50066D88C /* Build configuration list for PBXProject "mova_photoStorage_tt" */ = {
			isa = XCConfigurationList;
			buildConfigurations = (
				79C6795A1F4321F70066D88C /* Debug */,
				79C6795B1F4321F70066D88C /* Release */,
			);
			defaultConfigurationIsVisible = 0;
			defaultConfigurationName = Release;
		};
		79C6795C1F4321F70066D88C /* Build configuration list for PBXNativeTarget "mova_photoStorage_tt" */ = {
			isa = XCConfigurationList;
			buildConfigurations = (
				79C6795D1F4321F70066D88C /* Debug */,
				79C6795E1F4321F70066D88C /* Release */,
			);
			defaultConfigurationIsVisible = 0;
		};
/* End XCConfigurationList section */

/* Begin XCVersionGroup section */
		79C679511F4321F70066D88C /* mova_photoStorage_tt.xcdatamodeld */ = {
			isa = XCVersionGroup;
			children = (
				79C679521F4321F70066D88C /* mova_photoStorage_tt.xcdatamodel */,
			);
			currentVersion = 79C679521F4321F70066D88C /* mova_photoStorage_tt.xcdatamodel */;
			path = mova_photoStorage_tt.xcdatamodeld;
			sourceTree = "<group>";
			versionGroupType = wrapper.xcdatamodel;
		};
/* End XCVersionGroup section */
	};
	rootObject = 79C6793F1F4321F50066D88C /* Project object */;
}
